
Microsoft Visual Studio Solution File, Format Version 12.00
# Visual Studio Version 16
VisualStudioVersion = 16.0.30104.148
MinimumVisualStudioVersion = 10.0.40219.1
Project("{FAE04EC0-301F-11D3-BF4B-00C04F79EFBC}") = "Helth", "Helth\Helth.csproj", "{9F7CAE5D-C0C3-4EF6-A4A2-B6675F7007F6}"
EndProject
Global
	GlobalSection(SolutionConfigurationPlatforms) = preSolution
		Debug|Any CPU = Debug|Any CPU
		Release|Any CPU = Release|Any CPU
	EndGlobalSection
	GlobalSection(ProjectConfigurationPlatforms) = postSolution
		{9F7CAE5D-C0C3-4EF6-A4A2-B6675F7007F6}.Debug|Any CPU.ActiveCfg = Debug|Any CPU
		{9F7CAE5D-C0C3-4EF6-A4A2-B6675F7007F6}.Debug|Any CPU.Build.0 = Debug|Any CPU
		{9F7CAE5D-C0C3-4EF6-A4A2-B6675F7007F6}.Release|Any CPU.ActiveCfg = Release|Any CPU
		{9F7CAE5D-C0C3-4EF6-A4A2-B6675F7007F6}.Release|Any CPU.Build.0 = Release|Any CPU
	EndGlobalSection
	GlobalSection(SolutionProperties) = preSolution
		HideSolutionNode = FALSE
	EndGlobalSection
	GlobalSection(ExtensibilityGlobals) = postSolution
		SolutionGuid = {001167A6-BDC7-42B0-932B-3B79A719C897}
	EndGlobalSection
EndGlobal
